// !$*UTF8*$!
{
	archiveVersion = 1;
	classes = {
	};
	objectVersion = 46;
	objects = {

/* Begin PBXBuildFile section */
		182E41A51B33E34400473F78 /* main.m in Sources */ = {isa = PBXBuildFile; fileRef = 182E41A41B33E34400473F78 /* main.m */; };
		182E41A81B33E34400473F78 /* AppDelegate.m in Sources */ = {isa = PBXBuildFile; fileRef = 182E41A71B33E34400473F78 /* AppDelegate.m */; };
		182E41AB1B33E34400473F78 /* ViewController.m in Sources */ = {isa = PBXBuildFile; fileRef = 182E41AA1B33E34400473F78 /* ViewController.m */; };
		182E41AE1B33E34400473F78 /* Main.storyboard in Resources */ = {isa = PBXBuildFile; fileRef = 182E41AC1B33E34400473F78 /* Main.storyboard */; };
		182E41B01B33E34400473F78 /* Images.xcassets in Resources */ = {isa = PBXBuildFile; fileRef = 182E41AF1B33E34400473F78 /* Images.xcassets */; };
		182E41B31B33E34400473F78 /* LaunchScreen.xib in Resources */ = {isa = PBXBuildFile; fileRef = 182E41B11B33E34400473F78 /* LaunchScreen.xib */; };
		182E41BF1B33E34400473F78 /* AssociationMenuViewTestTests.m in Sources */ = {isa = PBXBuildFile; fileRef = 182E41BE1B33E34400473F78 /* AssociationMenuViewTestTests.m */; };
		182E41E61B33E38700473F78 /* SkyAssociationMenuView.m in Sources */ = {isa = PBXBuildFile; fileRef = 182E41E51B33E38700473F78 /* SkyAssociationMenuView.m */; };
/* End PBXBuildFile section */

/* Begin PBXContainerItemProxy section */
		182E41B91B33E34400473F78 /* PBXContainerItemProxy */ = {
			isa = PBXContainerItemProxy;
			containerPortal = 182E41971B33E34400473F78 /* Project object */;
			proxyType = 1;
			remoteGlobalIDString = 182E419E1B33E34400473F78;
			remoteInfo = AssociationMenuViewTest;
		};
/* End PBXContainerItemProxy section */

/* Begin PBXFileReference section */
		182E419F1B33E34400473F78 /* AssociationMenuViewTest.app */ = {isa = PBXFileReference; explicitFileType = wrapper.application; includeInIndex = 0; path = AssociationMenuViewTest.app; sourceTree = BUILT_PRODUCTS_DIR; };
		182E41A31B33E34400473F78 /* Info.plist */ = {isa = PBXFileReference; lastKnownFileType = text.plist.xml; path = Info.plist; sourceTree = "<group>"; };
		182E41A41B33E34400473F78 /* main.m */ = {isa = PBXFileReference; lastKnownFileType = sourcecode.c.objc; path = main.m; sourceTree = "<group>"; };
		182E41A61B33E34400473F78 /* AppDelegate.h */ = {isa = PBXFileReference; lastKnownFileType = sourcecode.c.h; path = AppDelegate.h; sourceTree = "<group>"; };
		182E41A71B33E34400473F78 /* AppDelegate.m */ = {isa = PBXFileReference; lastKnownFileType = sourcecode.c.objc; path = AppDelegate.m; sourceTree = "<group>"; };
		182E41A91B33E34400473F78 /* ViewController.h */ = {isa = PBXFileReference; lastKnownFileType = sourcecode.c.h; path = ViewController.h; sourceTree = "<group>"; };
		182E41AA1B33E34400473F78 /* ViewController.m */ = {isa = PBXFileReference; lastKnownFileType = sourcecode.c.objc; path = ViewController.m; sourceTree = "<group>"; };
		182E41AD1B33E34400473F78 /* Base */ = {isa = PBXFileReference; lastKnownFileType = file.storyboard; name = Base; path = Base.lproj/Main.storyboard; sourceTree = "<group>"; };
		182E41AF1B33E34400473F78 /* Images.xcassets */ = {isa = PBXFileReference; lastKnownFileType = folder.assetcatalog; path = Images.xcassets; sourceTree = "<group>"; };
		182E41B21B33E34400473F78 /* Base */ = {isa = PBXFileReference; lastKnownFileType = file.xib; name = Base; path = Base.lproj/LaunchScreen.xib; sourceTree = "<group>"; };
		182E41B81B33E34400473F78 /* AssociationMenuViewTestTests.xctest */ = {isa = PBXFileReference; explicitFileType = wrapper.cfbundle; includeInIndex = 0; path = AssociationMenuViewTestTests.xctest; sourceTree = BUILT_PRODUCTS_DIR; };
		182E41BD1B33E34400473F78 /* Info.plist */ = {isa = PBXFileReference; lastKnownFileType = text.plist.xml; path = Info.plist; sourceTree = "<group>"; };
		182E41BE1B33E34400473F78 /* AssociationMenuViewTestTests.m */ = {isa = PBXFileReference; lastKnownFileType = sourcecode.c.objc; path = AssociationMenuViewTestTests.m; sourceTree = "<group>"; };
		182E41E41B33E38700473F78 /* SkyAssociationMenuView.h */ = {isa = PBXFileReference; fileEncoding = 4; lastKnownFileType = sourcecode.c.h; name = SkyAssociationMenuView.h; path = ../../SkyAssociationMenuView.h; sourceTree = "<group>"; };
		182E41E51B33E38700473F78 /* SkyAssociationMenuView.m */ = {isa = PBXFileReference; fileEncoding = 4; lastKnownFileType = sourcecode.c.objc; name = SkyAssociationMenuView.m; path = ../../SkyAssociationMenuView.m; sourceTree = "<group>"; };
/* End PBXFileReference section */

/* Begin PBXFrameworksBuildPhase section */
		182E419C1B33E34400473F78 /* Frameworks */ = {
			isa = PBXFrameworksBuildPhase;
			buildActionMask = 2147483647;
			files = (
			);
			runOnlyForDeploymentPostprocessing = 0;
		};
		182E41B51B33E34400473F78 /* Frameworks */ = {
			isa = PBXFrameworksBuildPhase;
			buildActionMask = 2147483647;
			files = (
			);
			runOnlyForDeploymentPostprocessing = 0;
		};
/* End PBXFrameworksBuildPhase section */

/* Begin PBXGroup section */
		182E41961B33E34400473F78 = {
			isa = PBXGroup;
			children = (
				182E41A11B33E34400473F78 /* AssociationMenuViewTest */,
				182E41BB1B33E34400473F78 /* AssociationMenuViewTestTests */,
				182E41A01B33E34400473F78 /* Products */,
			);
			sourceTree = "<group>";
		};
		182E41A01B33E34400473F78 /* Products */ = {
			isa = PBXGroup;
			children = (
				182E419F1B33E34400473F78 /* AssociationMenuViewTest.app */,
				182E41B81B33E34400473F78 /* AssociationMenuViewTestTests.xctest */,
			);
			name = Products;
			sourceTree = "<group>";
		};
		182E41A11B33E34400473F78 /* AssociationMenuViewTest */ = {
			isa = PBXGroup;
			children = (
				182E41E71B33E39100473F78 /* AssociationMenuView */,
				182E41A61B33E34400473F78 /* AppDelegate.h */,
				182E41A71B33E34400473F78 /* AppDelegate.m */,
				182E41A91B33E34400473F78 /* ViewController.h */,
				182E41AA1B33E34400473F78 /* ViewController.m */,
				182E41AC1B33E34400473F78 /* Main.storyboard */,
				182E41AF1B33E34400473F78 /* Images.xcassets */,
				182E41B11B33E34400473F78 /* LaunchScreen.xib */,
				182E41A21B33E34400473F78 /* Supporting Files */,
			);
			path = AssociationMenuViewTest;
			sourceTree = "<group>";
		};
		182E41A21B33E34400473F78 /* Supporting Files */ = {
			isa = PBXGroup;
			children = (
				182E41A31B33E34400473F78 /* Info.plist */,
				182E41A41B33E34400473F78 /* main.m */,
			);
			name = "Supporting Files";
			sourceTree = "<group>";
		};
		182E41BB1B33E34400473F78 /* AssociationMenuViewTestTests */ = {
			isa = PBXGroup;
			children = (
				182E41BE1B33E34400473F78 /* AssociationMenuViewTestTests.m */,
				182E41BC1B33E34400473F78 /* Supporting Files */,
			);
			path = AssociationMenuViewTestTests;
			sourceTree = "<group>";
		};
		182E41BC1B33E34400473F78 /* Supporting Files */ = {
			isa = PBXGroup;
			children = (
				182E41BD1B33E34400473F78 /* Info.plist */,
			);
			name = "Supporting Files";
			sourceTree = "<group>";
		};
		182E41E71B33E39100473F78 /* AssociationMenuView */ = {
			isa = PBXGroup;
			children = (
				182E41E41B33E38700473F78 /* SkyAssociationMenuView.h */,
				182E41E51B33E38700473F78 /* SkyAssociationMenuView.m */,
			);
			name = AssociationMenuView;
			sourceTree = "<group>";
		};
/* End PBXGroup section */

/* Begin PBXNativeTarget section */
		182E419E1B33E34400473F78 /* AssociationMenuViewTest */ = {
			isa = PBXNativeTarget;
			buildConfigurationList = 182E41C21B33E34400473F78 /* Build configuration list for PBXNativeTarget "AssociationMenuViewTest" */;
			buildPhases = (
				182E419B1B33E34400473F78 /* Sources */,
				182E419C1B33E34400473F78 /* Frameworks */,
				182E419D1B33E34400473F78 /* Resources */,
			);
			buildRules = (
			);
			dependencies = (
			);
			name = AssociationMenuViewTest;
			productName = AssociationMenuViewTest;
			productReference = 182E419F1B33E34400473F78 /* AssociationMenuViewTest.app */;
			productType = "com.apple.product-type.application";
		};
		182E41B71B33E34400473F78 /* AssociationMenuViewTestTests */ = {
			isa = PBXNativeTarget;
			buildConfigurationList = 182E41C51B33E34400473F78 /* Build configuration list for PBXNativeTarget "AssociationMenuViewTestTests" */;
			buildPhases = (
				182E41B41B33E34400473F78 /* Sources */,
				182E41B51B33E34400473F78 /* Frameworks */,
				182E41B61B33E34400473F78 /* Resources */,
			);
			buildRules = (
			);
			dependencies = (
				182E41BA1B33E34400473F78 /* PBXTargetDependency */,
			);
			name = AssociationMenuViewTestTests;
			productName = AssociationMenuViewTestTests;
			productReference = 182E41B81B33E34400473F78 /* AssociationMenuViewTestTests.xctest */;
			productType = "com.apple.product-type.bundle.unit-test";
		};
/* End PBXNativeTarget section */

/* Begin PBXProject section */
		182E41971B33E34400473F78 /* Project object */ = {
			isa = PBXProject;
			attributes = {
				LastUpgradeCheck = 0630;
				ORGANIZATIONNAME = skytoup;
				TargetAttributes = {
					182E419E1B33E34400473F78 = {
						CreatedOnToolsVersion = 6.4;
					};
					182E41B71B33E34400473F78 = {
						CreatedOnToolsVersion = 6.4;
						TestTargetID = 182E419E1B33E34400473F78;
					};
				};
			};
			buildConfigurationList = 182E419A1B33E34400473F78 /* Build configuration list for PBXProject "AssociationMenuViewTest" */;
			compatibilityVersion = "Xcode 3.2";
			developmentRegion = English;
			hasScannedForEncodings = 0;
			knownRegions = (
				en,
				Base,
			);
			mainGroup = 182E41961B33E34400473F78;
			productRefGroup = 182E41A01B33E34400473F78 /* Products */;
			projectDirPath = "";
			projectRoot = "";
			targets = (
				182E419E1B33E34400473F78 /* AssociationMenuViewTest */,
				182E41B71B33E34400473F78 /* AssociationMenuViewTestTests */,
			);
		};
/* End PBXProject section */

/* Begin PBXResourcesBuildPhase section */
		182E419D1B33E34400473F78 /* Resources */ = {
			isa = PBXResourcesBuildPhase;
			buildActionMask = 2147483647;
			files = (
				182E41AE1B33E34400473F78 /* Main.storyboard in Resources */,
				182E41B31B33E34400473F78 /* LaunchScreen.xib in Resources */,
				182E41B01B33E34400473F78 /* Images.xcassets in Resources */,
			);
			runOnlyForDeploymentPostprocessing = 0;
		};
		182E41B61B33E34400473F78 /* Resources */ = {
			isa = PBXResourcesBuildPhase;
			buildActionMask = 2147483647;
			files = (
			);
			runOnlyForDeploymentPostprocessing = 0;
		};
/* End PBXResourcesBuildPhase section */

/* Begin PBXSourcesBuildPhase section */
		182E419B1B33E34400473F78 /* Sources */ = {
			isa = PBXSourcesBuildPhase;
			buildActionMask = 2147483647;
			files = (
				182E41AB1B33E34400473F78 /* ViewController.m in Sources */,
				182E41A81B33E34400473F78 /* AppDelegate.m in Sources */,
				182E41A51B33E34400473F78 /* main.m in Sources */,
				182E41E61B33E38700473F78 /* SkyAssociationMenuView.m in Sources */,
			);
			runOnlyForDeploymentPostprocessing = 0;
		};
		182E41B41B33E34400473F78 /* Sources */ = {
			isa = PBXSourcesBuildPhase;
			buildActionMask = 2147483647;
			files = (
				182E41BF1B33E34400473F78 /* AssociationMenuViewTestTests.m in Sources */,
			);
			runOnlyForDeploymentPostprocessing = 0;
		};
/* End PBXSourcesBuildPhase section */

/* Begin PBXTargetDependency section */
		182E41BA1B33E34400473F78 /* PBXTargetDependency */ = {
			isa = PBXTargetDependency;
			target = 182E419E1B33E34400473F78 /* AssociationMenuViewTest */;
			targetProxy = 182E41B91B33E34400473F78 /* PBXContainerItemProxy */;
		};
/* End PBXTargetDependency section */

/* Begin PBXVariantGroup section */
		182E41AC1B33E34400473F78 /* Main.storyboard */ = {
			isa = PBXVariantGroup;
			children = (
				182E41AD1B33E34400473F78 /* Base */,
			);
			name = Main.storyboard;
			sourceTree = "<group>";
		};
		182E41B11B33E34400473F78 /* LaunchScreen.xib */ = {
			isa = PBXVariantGroup;
			children = (
				182E41B21B33E34400473F78 /* Base */,
			);
			name = LaunchScreen.xib;
			sourceTree = "<group>";
		};
/* End PBXVariantGroup section */

/* Begin XCBuildConfiguration section */
		182E41C01B33E34400473F78 /* Debug */ = {
			isa = XCBuildConfiguration;
			buildSettings = {
				ALWAYS_SEARCH_USER_PATHS = NO;
				CLANG_CXX_LANGUAGE_STANDARD = "gnu++0x";
				CLANG_CXX_LIBRARY = "libc++";
				CLANG_ENABLE_MODULES = YES;
				CLANG_ENABLE_OBJC_ARC = YES;
				CLANG_WARN_BOOL_CONVERSION = YES;
				CLANG_WARN_CONSTANT_CONVERSION = YES;
				CLANG_WARN_DIRECT_OBJC_ISA_USAGE = YES_ERROR;
				CLANG_WARN_EMPTY_BODY = YES;
				CLANG_WARN_ENUM_CONVERSION = YES;
				CLANG_WARN_INT_CONVERSION = YES;
				CLANG_WARN_OBJC_ROOT_CLASS = YES_ERROR;
				CLANG_WARN_UNREACHABLE_CODE = YES;
				CLANG_WARN__DUPLICATE_METHOD_MATCH = YES;
				"CODE_SIGN_IDENTITY[sdk=iphoneos*]" = "iPhone Developer";
				COPY_PHASE_STRIP = NO;
				DEBUG_INFORMATION_FORMAT = "dwarf-with-dsym";
				ENABLE_STRICT_OBJC_MSGSEND = YES;
				GCC_C_LANGUAGE_STANDARD = gnu99;
				GCC_DYNAMIC_NO_PIC = NO;
				GCC_NO_COMMON_BLOCKS = YES;
				GCC_OPTIMIZATION_LEVEL = 0;
				GCC_PREPROCESSOR_DEFINITIONS = (
					"DEBUG=1",
					"$(inherited)",
				);
				GCC_SYMBOLS_PRIVATE_EXTERN = NO;
				GCC_WARN_64_TO_32_BIT_CONVERSION = YES;
				GCC_WARN_ABOUT_RETURN_TYPE = YES_ERROR;
				GCC_WARN_UNDECLARED_SELECTOR = YES;
				GCC_WARN_UNINITIALIZED_AUTOS = YES_AGGRESSIVE;
				GCC_WARN_UNUSED_FUNCTION = YES;
				GCC_WARN_UNUSED_VARIABLE = YES;
				IPHONEOS_DEPLOYMENT_TARGET = 8.4;
				MTL_ENABLE_DEBUG_INFO = YES;
				ONLY_ACTIVE_ARCH = YES;
				SDKROOT = iphoneos;
			};
			name = Debug;
		};
		182E41C11B33E34400473F78 /* Release */ = {
			isa = XCBuildConfiguration;
			buildSettings = {
				ALWAYS_SEARCH_USER_PATHS = NO;
				CLANG_CXX_LANGUAGE_STANDARD = "gnu++0x";
				CLANG_CXX_LIBRARY = "libc++";
				CLANG_ENABLE_MODULES = YES;
				CLANG_ENABLE_OBJC_ARC = YES;
				CLANG_WARN_BOOL_CONVERSION = YES;
				CLANG_WARN_CONSTANT_CONVERSION = YES;
				CLANG_WARN_DIRECT_OBJC_ISA_USAGE = YES_ERROR;
				CLANG_WARN_EMPTY_BODY = YES;
				CLANG_WARN_ENUM_CONVERSION = YES;
				CLANG_WARN_INT_CONVERSION = YES;
				CLANG_WARN_OBJC_ROOT_CLASS = YES_ERROR;
				CLANG_WARN_UNREACHABLE_CODE = YES;
				CLANG_WARN__DUPLICATE_METHOD_MATCH = YES;
				"CODE_SIGN_IDENTITY[sdk=iphoneos*]" = "iPhone Developer";
				COPY_PHASE_STRIP = NO;
				DEBUG_INFORMATION_FORMAT = "dwarf-with-dsym";
				ENABLE_NS_ASSERTIONS = NO;
				ENABLE_STRICT_OBJC_MSGSEND = YES;
				GCC_C_LANGUAGE_STANDARD = gnu99;
				GCC_NO_COMMON_BLOCKS = YES;
				GCC_WARN_64_TO_32_BIT_CONVERSION = YES;
				GCC_WARN_ABOUT_RETURN_TYPE = YES_ERROR;
				GCC_WARN_UNDECLARED_SELECTOR = YES;
				GCC_WARN_UNINITIALIZED_AUTOS = YES_AGGRESSIVE;
				GCC_WARN_UNUSED_FUNCTION = YES;
				GCC_WARN_UNUSED_VARIABLE = YES;
				IPHONEOS_DEPLOYMENT_TARGET = 8.4;
				MTL_ENABLE_DEBUG_INFO = NO;
				SDKROOT = iphoneos;
				VALIDATE_PRODUCT = YES;
			};
			name = Release;
		};
		182E41C31B33E34400473F78 /* Debug */ = {
			isa = XCBuildConfiguration;
			buildSettings = {
				ASSETCATALOG_COMPILER_APPICON_NAME = AppIcon;
				INFOPLIST_FILE = AssociationMenuViewTest/Info.plist;
				IPHONEOS_DEPLOYMENT_TARGET = 7.0;
				LD_RUNPATH_SEARCH_PATHS = "$(inherited) @executable_path/Frameworks";
				PRODUCT_NAME = "$(TARGET_NAME)";
			};
			name = Debug;
		};
		182E41C41B33E34400473F78 /* Release */ = {
			isa = XCBuildConfiguration;
			buildSettings = {
				ASSETCATALOG_COMPILER_APPICON_NAME = AppIcon;
				INFOPLIST_FILE = AssociationMenuViewTest/Info.plist;
				IPHONEOS_DEPLOYMENT_TARGET = 7.0;
				LD_RUNPATH_SEARCH_PATHS = "$(inherited) @executable_path/Frameworks";
				PRODUCT_NAME = "$(TARGET_NAME)";
			};
			name = Release;
		};
		182E41C61B33E34400473F78 /* Debug */ = {
			isa = XCBuildConfiguration;
			buildSettings = {
				BUNDLE_LOADER = "$(TEST_HOST)";
				FRAMEWORK_SEARCH_PATHS = (
					"$(SDKROOT)/Developer/Library/Frameworks",
					"$(inherited)",
				);
				GCC_PREPROCESSOR_DEFINITIONS = (
					"DEBUG=1",
					"$(inherited)",
				);
				INFOPLIST_FILE = AssociationMenuViewTestTests/Info.plist;
				LD_RUNPATH_SEARCH_PATHS = "$(inherited) @executable_path/Frameworks @loader_path/Frameworks";
				PRODUCT_NAME = "$(TARGET_NAME)";
				TEST_HOST = "$(BUILT_PRODUCTS_DIR)/AssociationMenuViewTest.app/AssociationMenuViewTest";
			};
			name = Debug;
		};
		182E41C71B33E34400473F78 /* Release */ = {
			isa = XCBuildConfiguration;
			buildSettings = {
				BUNDLE_LOADER = "$(TEST_HOST)";
				FRAMEWORK_SEARCH_PATHS = (
					"$(SDKROOT)/Developer/Library/Frameworks",
					"$(inherited)",
				);
				INFOPLIST_FILE = AssociationMenuViewTestTests/Info.plist;
				LD_RUNPATH_SEARCH_PATHS = "$(inherited) @executable_path/Frameworks @loader_path/Frameworks";
				PRODUCT_NAME = "$(TARGET_NAME)";
				TEST_HOST = "$(BUILT_PRODUCTS_DIR)/AssociationMenuViewTest.app/AssociationMenuViewTest";
			};
			name = Release;
		};
/* End XCBuildConfiguration section */

/* Begin XCConfigurationList section */
		182E419A1B33E34400473F78 /* Build configuration list for PBXProject "AssociationMenuViewTest" */ = {
			isa = XCConfigurationList;
			buildConfigurations = (
				182E41C01B33E34400473F78 /* Debug */,
				182E41C11B33E34400473F78 /* Release */,
			);
			defaultConfigurationIsVisible = 0;
			defaultConfigurationName = Release;
		};
		182E41C21B33E34400473F78 /* Build configuration list for PBXNativeTarget "AssociationMenuViewTest" */ = {
			isa = XCConfigurationList;
			buildConfigurations = (
				182E41C31B33E34400473F78 /* Debug */,
				182E41C41B33E34400473F78 /* Release */,
			);
			defaultConfigurationIsVisible = 0;
		};
		182E41C51B33E34400473F78 /* Build configuration list for PBXNativeTarget "AssociationMenuViewTestTests" */ = {
			isa = XCConfigurationList;
			buildConfigurations = (
				182E41C61B33E34400473F78 /* Debug */,
				182E41C71B33E34400473F78 /* Release */,
			);
			defaultConfigurationIsVisible = 0;
		};
/* End XCConfigurationList section */
	};
	rootObject = 182E41971B33E34400473F78 /* Project object */;
}
